
Microsoft Visual Studio Solution File, Format Version 12.00
# Visual Studio Version 16
VisualStudioVersion = 16.0.32228.343
MinimumVisualStudioVersion = 10.0.40219.1
Project("{FAE04EC0-301F-11D3-BF4B-00C04F79EFBC}") = "backend-task-dotnet", "backend-task-dotnet\backend-task-dotnet.csproj", "{CD8B27D5-89BA-4E68-9E6A-B8DD8AB554E4}"
EndProject
Global
	GlobalSection(SolutionConfigurationPlatforms) = preSolution
		Debug|Any CPU = Debug|Any CPU
		Release|Any CPU = Release|Any CPU
	EndGlobalSection
	GlobalSection(ProjectConfigurationPlatforms) = postSolution
		{CD8B27D5-89BA-4E68-9E6A-B8DD8AB554E4}.Debug|Any CPU.ActiveCfg = Debug|Any CPU
		{CD8B27D5-89BA-4E68-9E6A-B8DD8AB554E4}.Debug|Any CPU.Build.0 = Debug|Any CPU
		{CD8B27D5-89BA-4E68-9E6A-B8DD8AB554E4}.Release|Any CPU.ActiveCfg = Release|Any CPU
		{CD8B27D5-89BA-4E68-9E6A-B8DD8AB554E4}.Release|Any CPU.Build.0 = Release|Any CPU
	EndGlobalSection
	GlobalSection(SolutionProperties) = preSolution
		HideSolutionNode = FALSE
	EndGlobalSection
	GlobalSection(ExtensibilityGlobals) = postSolution
		SolutionGuid = {6CFB0859-E67D-4B50-A43A-B33367387386}
	EndGlobalSection
EndGlobal
